
Microsoft Visual Studio Solution File, Format Version 12.00
# Visual Studio Version 16
VisualStudioVersion = 16.0.31105.61
MinimumVisualStudioVersion = 10.0.40219.1
Project("{FAE04EC0-301F-11D3-BF4B-00C04F79EFBC}") = "MvcClientCrudoperations", "MvcClientCrudoperations\MvcClientCrudoperations.csproj", "{D8984B30-FD4E-4E86-9AD2-F54CDD7C66C4}"
EndProject
Global
	GlobalSection(SolutionConfigurationPlatforms) = preSolution
		Debug|Any CPU = Debug|Any CPU
		Release|Any CPU = Release|Any CPU
	EndGlobalSection
	GlobalSection(ProjectConfigurationPlatforms) = postSolution
		{D8984B30-FD4E-4E86-9AD2-F54CDD7C66C4}.Debug|Any CPU.ActiveCfg = Debug|Any CPU
		{D8984B30-FD4E-4E86-9AD2-F54CDD7C66C4}.Debug|Any CPU.Build.0 = Debug|Any CPU
		{D8984B30-FD4E-4E86-9AD2-F54CDD7C66C4}.Release|Any CPU.ActiveCfg = Release|Any CPU
		{D8984B30-FD4E-4E86-9AD2-F54CDD7C66C4}.Release|Any CPU.Build.0 = Release|Any CPU
	EndGlobalSection
	GlobalSection(SolutionProperties) = preSolution
		HideSolutionNode = FALSE
	EndGlobalSection
	GlobalSection(ExtensibilityGlobals) = postSolution
		SolutionGuid = {5B48369A-DA55-48C4-AD8F-F8DAAB754B29}
	EndGlobalSection
EndGlobal
